
Microsoft Visual Studio Solution File, Format Version 12.00
# Visual Studio Version 17
VisualStudioVersion = 17.0.31903.59
MinimumVisualStudioVersion = 10.0.40219.1
Project("{2150E333-8FDC-42A3-9474-1A3956D46DE8}") = "src", "src", "{530A1522-1C6A-4AD6-BD27-0CF53F082D2B}"
EndProject
Project("{2150E333-8FDC-42A3-9474-1A3956D46DE8}") = "test", "test", "{45BE06A4-7EB1-46F2-AB0F-F01997549EFC}"
EndProject
Project("{9A19103F-16F7-4668-BE54-9A1E7A4F7556}") = "FreeRedis.AspNetCore", "src\FreeRedis.AspNetCore\FreeRedis.AspNetCore.csproj", "{F36768D7-5E42-499E-B66E-361C6524CEFD}"
EndProject
Project("{2150E333-8FDC-42A3-9474-1A3956D46DE8}") = "Sample", "Sample", "{8D1338F4-35E0-4931-B41B-746965515FAE}"
EndProject
Project("{FAE04EC0-301F-11D3-BF4B-00C04F79EFBC}") = "Sample", "samples\Sample\Sample.csproj", "{EB62E6DB-E378-404C-91A3-1015D71A78D8}"
EndProject
Global
	GlobalSection(SolutionConfigurationPlatforms) = preSolution
		Debug|Any CPU = Debug|Any CPU
		Release|Any CPU = Release|Any CPU
	EndGlobalSection
	GlobalSection(ProjectConfigurationPlatforms) = postSolution
		{F36768D7-5E42-499E-B66E-361C6524CEFD}.Debug|Any CPU.ActiveCfg = Debug|Any CPU
		{F36768D7-5E42-499E-B66E-361C6524CEFD}.Debug|Any CPU.Build.0 = Debug|Any CPU
		{F36768D7-5E42-499E-B66E-361C6524CEFD}.Release|Any CPU.ActiveCfg = Release|Any CPU
		{F36768D7-5E42-499E-B66E-361C6524CEFD}.Release|Any CPU.Build.0 = Release|Any CPU
		{EB62E6DB-E378-404C-91A3-1015D71A78D8}.Debug|Any CPU.ActiveCfg = Debug|Any CPU
		{EB62E6DB-E378-404C-91A3-1015D71A78D8}.Debug|Any CPU.Build.0 = Debug|Any CPU
		{EB62E6DB-E378-404C-91A3-1015D71A78D8}.Release|Any CPU.ActiveCfg = Release|Any CPU
		{EB62E6DB-E378-404C-91A3-1015D71A78D8}.Release|Any CPU.Build.0 = Release|Any CPU
	EndGlobalSection
	GlobalSection(SolutionProperties) = preSolution
		HideSolutionNode = FALSE
	EndGlobalSection
	GlobalSection(NestedProjects) = preSolution
		{F36768D7-5E42-499E-B66E-361C6524CEFD} = {530A1522-1C6A-4AD6-BD27-0CF53F082D2B}
		{EB62E6DB-E378-404C-91A3-1015D71A78D8} = {8D1338F4-35E0-4931-B41B-746965515FAE}
	EndGlobalSection
	GlobalSection(ExtensibilityGlobals) = postSolution
		SolutionGuid = {A23F1A59-4424-4ED4-B14C-7BFDD1D03C4F}
	EndGlobalSection
EndGlobal
